
Microsoft Visual Studio Solution File, Format Version 12.00
# Visual Studio Version 16
VisualStudioVersion = 16.0.30907.101
MinimumVisualStudioVersion = 10.0.40219.1
Project("{FAE04EC0-301F-11D3-BF4B-00C04F79EFBC}") = "Model", "Model\Model.csproj", "{B1A5AE22-4353-4548-A23B-F77E338A99E5}"
EndProject
Project("{FAE04EC0-301F-11D3-BF4B-00C04F79EFBC}") = "Common", "Common\Common.csproj", "{CC80777C-2C80-4116-A565-73EF345E308D}"
EndProject
Project("{FAE04EC0-301F-11D3-BF4B-00C04F79EFBC}") = "WinGenerateCodeDB", "WinGenerateCodeDB\WinGenerateCodeDB.csproj", "{2D37B823-B9DA-4509-98BA-47ACEDCE339F}"
EndProject
Global
	GlobalSection(SolutionConfigurationPlatforms) = preSolution
		Debug|Any CPU = Debug|Any CPU
		Release|Any CPU = Release|Any CPU
	EndGlobalSection
	GlobalSection(ProjectConfigurationPlatforms) = postSolution
		{B1A5AE22-4353-4548-A23B-F77E338A99E5}.Debug|Any CPU.ActiveCfg = Debug|Any CPU
		{B1A5AE22-4353-4548-A23B-F77E338A99E5}.Debug|Any CPU.Build.0 = Debug|Any CPU
		{B1A5AE22-4353-4548-A23B-F77E338A99E5}.Release|Any CPU.ActiveCfg = Release|Any CPU
		{B1A5AE22-4353-4548-A23B-F77E338A99E5}.Release|Any CPU.Build.0 = Release|Any CPU
		{CC80777C-2C80-4116-A565-73EF345E308D}.Debug|Any CPU.ActiveCfg = Debug|Any CPU
		{CC80777C-2C80-4116-A565-73EF345E308D}.Debug|Any CPU.Build.0 = Debug|Any CPU
		{CC80777C-2C80-4116-A565-73EF345E308D}.Release|Any CPU.ActiveCfg = Release|Any CPU
		{CC80777C-2C80-4116-A565-73EF345E308D}.Release|Any CPU.Build.0 = Release|Any CPU
		{2D37B823-B9DA-4509-98BA-47ACEDCE339F}.Debug|Any CPU.ActiveCfg = Debug|Any CPU
		{2D37B823-B9DA-4509-98BA-47ACEDCE339F}.Debug|Any CPU.Build.0 = Debug|Any CPU
		{2D37B823-B9DA-4509-98BA-47ACEDCE339F}.Release|Any CPU.ActiveCfg = Release|Any CPU
		{2D37B823-B9DA-4509-98BA-47ACEDCE339F}.Release|Any CPU.Build.0 = Release|Any CPU
	EndGlobalSection
	GlobalSection(SolutionProperties) = preSolution
		HideSolutionNode = FALSE
	EndGlobalSection
	GlobalSection(ExtensibilityGlobals) = postSolution
		SolutionGuid = {1BA49351-4C76-4331-ABE2-77CB66781D1B}
	EndGlobalSection
EndGlobal
