
Microsoft Visual Studio Solution File, Format Version 12.00
# Visual Studio 2013
VisualStudioVersion = 12.0.40629.0
MinimumVisualStudioVersion = 10.0.40219.1
Project("{FAE04EC0-301F-11D3-BF4B-00C04F79EFBC}") = "WinAutoCode", "WinAutoCode\WinAutoCode.csproj", "{BE5F1EBD-7FC4-408F-B369-CFFC60E82FCE}"
EndProject
Project("{FAE04EC0-301F-11D3-BF4B-00C04F79EFBC}") = "CodeHelper", "CodeHelper\CodeHelper.csproj", "{C3861A9F-3171-4D77-9922-2C64916FEA8C}"
EndProject
Project("{FAE04EC0-301F-11D3-BF4B-00C04F79EFBC}") = "Model", "Model\Model.csproj", "{B1A5AE22-4353-4548-A23B-F77E338A99E5}"
EndProject
Project("{FAE04EC0-301F-11D3-BF4B-00C04F79EFBC}") = "Common", "Common\Common.csproj", "{CC80777C-2C80-4116-A565-73EF345E308D}"
EndProject
Project("{FAE04EC0-301F-11D3-BF4B-00C04F79EFBC}") = "WebTestProject", "WebTestProject\WebTestProject.csproj", "{D82809FB-8175-455F-B2CC-062FAB0D0461}"
EndProject
Project("{FAE04EC0-301F-11D3-BF4B-00C04F79EFBC}") = "WebTestHandler", "WebTestHandler\WebTestHandler.csproj", "{636029DC-3018-42FD-82B9-0FB7B625E1C7}"
EndProject
Project("{FAE04EC0-301F-11D3-BF4B-00C04F79EFBC}") = "WinGenerateCodeDB", "WinGenerateCodeDB\WinGenerateCodeDB.csproj", "{2D37B823-B9DA-4509-98BA-47ACEDCE339F}"
EndProject
Global
	GlobalSection(SolutionConfigurationPlatforms) = preSolution
		Debug|Any CPU = Debug|Any CPU
		Release|Any CPU = Release|Any CPU
	EndGlobalSection
	GlobalSection(ProjectConfigurationPlatforms) = postSolution
		{BE5F1EBD-7FC4-408F-B369-CFFC60E82FCE}.Debug|Any CPU.ActiveCfg = Debug|Any CPU
		{BE5F1EBD-7FC4-408F-B369-CFFC60E82FCE}.Debug|Any CPU.Build.0 = Debug|Any CPU
		{BE5F1EBD-7FC4-408F-B369-CFFC60E82FCE}.Release|Any CPU.ActiveCfg = Release|Any CPU
		{BE5F1EBD-7FC4-408F-B369-CFFC60E82FCE}.Release|Any CPU.Build.0 = Release|Any CPU
		{C3861A9F-3171-4D77-9922-2C64916FEA8C}.Debug|Any CPU.ActiveCfg = Debug|Any CPU
		{C3861A9F-3171-4D77-9922-2C64916FEA8C}.Debug|Any CPU.Build.0 = Debug|Any CPU
		{C3861A9F-3171-4D77-9922-2C64916FEA8C}.Release|Any CPU.ActiveCfg = Release|Any CPU
		{C3861A9F-3171-4D77-9922-2C64916FEA8C}.Release|Any CPU.Build.0 = Release|Any CPU
		{B1A5AE22-4353-4548-A23B-F77E338A99E5}.Debug|Any CPU.ActiveCfg = Debug|Any CPU
		{B1A5AE22-4353-4548-A23B-F77E338A99E5}.Debug|Any CPU.Build.0 = Debug|Any CPU
		{B1A5AE22-4353-4548-A23B-F77E338A99E5}.Release|Any CPU.ActiveCfg = Release|Any CPU
		{B1A5AE22-4353-4548-A23B-F77E338A99E5}.Release|Any CPU.Build.0 = Release|Any CPU
		{CC80777C-2C80-4116-A565-73EF345E308D}.Debug|Any CPU.ActiveCfg = Debug|Any CPU
		{CC80777C-2C80-4116-A565-73EF345E308D}.Debug|Any CPU.Build.0 = Debug|Any CPU
		{CC80777C-2C80-4116-A565-73EF345E308D}.Release|Any CPU.ActiveCfg = Release|Any CPU
		{CC80777C-2C80-4116-A565-73EF345E308D}.Release|Any CPU.Build.0 = Release|Any CPU
		{D82809FB-8175-455F-B2CC-062FAB0D0461}.Debug|Any CPU.ActiveCfg = Debug|Any CPU
		{D82809FB-8175-455F-B2CC-062FAB0D0461}.Debug|Any CPU.Build.0 = Debug|Any CPU
		{D82809FB-8175-455F-B2CC-062FAB0D0461}.Release|Any CPU.ActiveCfg = Release|Any CPU
		{D82809FB-8175-455F-B2CC-062FAB0D0461}.Release|Any CPU.Build.0 = Release|Any CPU
		{636029DC-3018-42FD-82B9-0FB7B625E1C7}.Debug|Any CPU.ActiveCfg = Debug|Any CPU
		{636029DC-3018-42FD-82B9-0FB7B625E1C7}.Debug|Any CPU.Build.0 = Debug|Any CPU
		{636029DC-3018-42FD-82B9-0FB7B625E1C7}.Release|Any CPU.ActiveCfg = Release|Any CPU
		{636029DC-3018-42FD-82B9-0FB7B625E1C7}.Release|Any CPU.Build.0 = Release|Any CPU
		{2D37B823-B9DA-4509-98BA-47ACEDCE339F}.Debug|Any CPU.ActiveCfg = Debug|Any CPU
		{2D37B823-B9DA-4509-98BA-47ACEDCE339F}.Debug|Any CPU.Build.0 = Debug|Any CPU
		{2D37B823-B9DA-4509-98BA-47ACEDCE339F}.Release|Any CPU.ActiveCfg = Release|Any CPU
		{2D37B823-B9DA-4509-98BA-47ACEDCE339F}.Release|Any CPU.Build.0 = Release|Any CPU
	EndGlobalSection
	GlobalSection(SolutionProperties) = preSolution
		HideSolutionNode = FALSE
	EndGlobalSection
EndGlobal
